
Microsoft Visual Studio Solution File, Format Version 12.00
# Visual Studio Version 17
VisualStudioVersion = 17.2.32630.192
MinimumVisualStudioVersion = 10.0.40219.1
Project("{FAE04EC0-301F-11D3-BF4B-00C04F79EFBC}") = "CinemaApi", "CinemaApi\CinemaApi.csproj", "{2E32A982-07F9-4AE7-AC49-C84F7D750AC1}"
EndProject
Global
	GlobalSection(SolutionConfigurationPlatforms) = preSolution
		Debug|Any CPU = Debug|Any CPU
		Release|Any CPU = Release|Any CPU
	EndGlobalSection
	GlobalSection(ProjectConfigurationPlatforms) = postSolution
		{2E32A982-07F9-4AE7-AC49-C84F7D750AC1}.Debug|Any CPU.ActiveCfg = Debug|Any CPU
		{2E32A982-07F9-4AE7-AC49-C84F7D750AC1}.Debug|Any CPU.Build.0 = Debug|Any CPU
		{2E32A982-07F9-4AE7-AC49-C84F7D750AC1}.Release|Any CPU.ActiveCfg = Release|Any CPU
		{2E32A982-07F9-4AE7-AC49-C84F7D750AC1}.Release|Any CPU.Build.0 = Release|Any CPU
	EndGlobalSection
	GlobalSection(SolutionProperties) = preSolution
		HideSolutionNode = FALSE
	EndGlobalSection
	GlobalSection(ExtensibilityGlobals) = postSolution
		SolutionGuid = {04B5B02D-868F-4D42-B22E-F400DF78A2A9}
	EndGlobalSection
EndGlobal
